
Microsoft Visual Studio Solution File, Format Version 12.00
Project("{FAE04EC0-301F-11D3-BF4B-00C04F79EFBC}") = "tracert", "tracert\tracert.csproj", "{4285852C-D2ED-4498-A5BB-2E154F2D7D81}"
EndProject
Global
	GlobalSection(SolutionConfigurationPlatforms) = preSolution
		Debug|Any CPU = Debug|Any CPU
		Release|Any CPU = Release|Any CPU
	EndGlobalSection
	GlobalSection(ProjectConfigurationPlatforms) = postSolution
		{4285852C-D2ED-4498-A5BB-2E154F2D7D81}.Debug|Any CPU.ActiveCfg = Debug|Any CPU
		{4285852C-D2ED-4498-A5BB-2E154F2D7D81}.Debug|Any CPU.Build.0 = Debug|Any CPU
		{4285852C-D2ED-4498-A5BB-2E154F2D7D81}.Release|Any CPU.ActiveCfg = Release|Any CPU
		{4285852C-D2ED-4498-A5BB-2E154F2D7D81}.Release|Any CPU.Build.0 = Release|Any CPU
	EndGlobalSection
EndGlobal
